# This file is automatically @generated by Poetry 1.8.3 and should not be changed by hand.

[[package]]
name = "argcomplete"
version = "3.5.1"
description = "Bash tab completion for argparse"
optional = false
python-versions = ">=3.8"
files = [
    {file = "argcomplete-3.5.1-py3-none-any.whl", hash = "sha256:1a1d148bdaa3e3b93454900163403df41448a248af01b6e849edc5ac08e6c363"},
    {file = "argcomplete-3.5.1.tar.gz", hash = "sha256:eb1ee355aa2557bd3d0145de7b06b2a45b0ce461e1e7813f5d066039ab4177b4"},
]

[package.extras]
test = ["coverage", "mypy", "pexpect", "ruff", "wheel"]

[[package]]
name = "colorama"
version = "0.4.6"
description = "Cross-platform colored terminal text."
optional = false
python-versions = "!=3.0.*,!=3.1.*,!=3.2.*,!=3.3.*,!=3.4.*,!=3.5.*,!=3.6.*,>=2.7"
files = [
    {file = "colorama-0.4.6-py2.py3-none-any.whl", hash = "sha256:4f1d9991f5acc0ca119f9d443620b77f9d6b33703e51011c16baf57afb285fc6"},
    {file = "colorama-0.4.6.tar.gz", hash = "sha256:08695f5cb7ed6e0531a20572697297273c47b8cae5a63ffc6d6ed5c201be6e44"},
]

[[package]]
name = "colorlog"
version = "6.8.2"
description = "Add colours to the output of Python's logging module."
optional = false
python-versions = ">=3.6"
files = [
    {file = "colorlog-6.8.2-py3-none-any.whl", hash = "sha256:4dcbb62368e2800cb3c5abd348da7e53f6c362dda502ec27c560b2e58a66bd33"},
    {file = "colorlog-6.8.2.tar.gz", hash = "sha256:3e3e079a41feb5a1b64f978b5ea4f46040a94f11f0e8bbb8261e3dbbeca64d44"},
]

[package.dependencies]
colorama = {version = "*", markers = "sys_platform == \"win32\""}

[package.extras]
development = ["black", "flake8", "mypy", "pytest", "types-colorama"]

[[package]]
name = "cx-oracle"
version = "8.3.0"
description = "Python interface to Oracle"
optional = false
python-versions = "*"
files = [
    {file = "cx_Oracle-8.3.0-cp310-cp310-manylinux_2_5_x86_64.manylinux1_x86_64.manylinux_2_12_x86_64.manylinux2010_x86_64.whl", hash = "sha256:b6a23da225f03f50a81980c61dbd6a358c3575f212ca7f4c22bb65a9faf94f7f"},
    {file = "cx_Oracle-8.3.0-cp310-cp310-win32.whl", hash = "sha256:715a8bbda5982af484ded14d184304cc552c1096c82471dd2948298470e88a04"},
    {file = "cx_Oracle-8.3.0-cp310-cp310-win_amd64.whl", hash = "sha256:07f01608dfb6603a8f2a868fc7c7bdc951480f187df8dbc50f4d48c884874e6a"},
    {file = "cx_Oracle-8.3.0-cp36-cp36m-manylinux_2_5_x86_64.manylinux1_x86_64.manylinux_2_12_x86_64.manylinux2010_x86_64.whl", hash = "sha256:4b3afe7a911cebaceda908228d36839f6441cbd38e5df491ec25960562bb01a0"},
    {file = "cx_Oracle-8.3.0-cp36-cp36m-win32.whl", hash = "sha256:076ffb71279d6b2dcbf7df028f62a01e18ce5bb73d8b01eab582bf14a62f4a61"},
    {file = "cx_Oracle-8.3.0-cp36-cp36m-win_amd64.whl", hash = "sha256:b82e4b165ffd807a2bd256259a6b81b0a2452883d39f987509e2292d494ea163"},
    {file = "cx_Oracle-8.3.0-cp37-cp37m-manylinux_2_5_x86_64.manylinux1_x86_64.manylinux_2_12_x86_64.manylinux2010_x86_64.whl", hash = "sha256:b902db61dcdcbbf8dd981f5a46d72fef40c5150c7fc0eb0f0698b462d6eb834e"},
    {file = "cx_Oracle-8.3.0-cp37-cp37m-win32.whl", hash = "sha256:4c82ca74442c298ceec56d207450c192e06ecf8ad52eb4aaad0812e147ceabf7"},
    {file = "cx_Oracle-8.3.0-cp37-cp37m-win_amd64.whl", hash = "sha256:54164974d526b76fdefb0b66a42b68e1fca5df78713d0eeb8c1d0047b83f6bcf"},
    {file = "cx_Oracle-8.3.0-cp38-cp38-manylinux_2_5_x86_64.manylinux1_x86_64.manylinux_2_12_x86_64.manylinux2010_x86_64.whl", hash = "sha256:410747d542e5f94727f5f0e42e9706c772cf9094fb348ce965ab88b3a9e4d2d8"},
    {file = "cx_Oracle-8.3.0-cp38-cp38-win32.whl", hash = "sha256:3baa878597c5fadb2c72f359f548431c7be001e722ce4a4ebdf3d2293a1bb70b"},
    {file = "cx_Oracle-8.3.0-cp38-cp38-win_amd64.whl", hash = "sha256:de42bdc882abdc5cea54597da27a05593b44143728e5b629ad5d35decb1a2036"},
    {file = "cx_Oracle-8.3.0-cp39-cp39-manylinux_2_5_x86_64.manylinux1_x86_64.manylinux_2_12_x86_64.manylinux2010_x86_64.whl", hash = "sha256:df412238a9948340591beee9ec64fa62a2efacc0d91107034a7023e2991fba97"},
    {file = "cx_Oracle-8.3.0-cp39-cp39-win32.whl", hash = "sha256:70d3cf030aefd71f99b45beba77237b2af448adf5e26be0db3d0d3dee6ea4230"},
    {file = "cx_Oracle-8.3.0-cp39-cp39-win_amd64.whl", hash = "sha256:bf01ce87edb4ef663b2e5bd604e1e0154d2cc2f12b60301f788b569d9db8a900"},
    {file = "cx_Oracle-8.3.0.tar.gz", hash = "sha256:3b2d215af4441463c97ea469b9cc307460739f89fdfa8ea222ea3518f1a424d9"},
]

[[package]]
name = "passlib"
version = "1.7.4"
description = "comprehensive password hashing framework supporting over 30 schemes"
optional = false
python-versions = "*"
files = [
    {file = "passlib-1.7.4-py2.py3-none-any.whl", hash = "sha256:aa6bca462b8d8bda89c70b382f0c298a20b5560af6cbfa2dce410c0a2fb669f1"},
    {file = "passlib-1.7.4.tar.gz", hash = "sha256:defd50f72b65c5402ab2c573830a6978e5f202ad0d984793c8dde2c4152ebe04"},
]

[package.extras]
argon2 = ["argon2-cffi (>=18.2.0)"]
bcrypt = ["bcrypt (>=3.1.0)"]
build-docs = ["cloud-sptheme (>=1.10.1)", "sphinx (>=1.6)", "sphinxcontrib-fulltoc (>=1.2.0)"]
totp = ["cryptography"]

[[package]]
name = "pycryptodomex"
version = "3.21.0"
description = "Cryptographic library for Python"
optional = false
python-versions = "!=3.0.*,!=3.1.*,!=3.2.*,!=3.3.*,!=3.4.*,!=3.5.*,>=2.7"
files = [
    {file = "pycryptodomex-3.21.0-cp27-cp27m-macosx_10_9_x86_64.whl", hash = "sha256:dbeb84a399373df84a69e0919c1d733b89e049752426041deeb30d68e9867822"},
    {file = "pycryptodomex-3.21.0-cp27-cp27m-manylinux2010_i686.whl", hash = "sha256:a192fb46c95489beba9c3f002ed7d93979423d1b2a53eab8771dbb1339eb3ddd"},
    {file = "pycryptodomex-3.21.0-cp27-cp27m-manylinux2010_x86_64.whl", hash = "sha256:1233443f19d278c72c4daae749872a4af3787a813e05c3561c73ab0c153c7b0f"},
    {file = "pycryptodomex-3.21.0-cp27-cp27m-manylinux_2_17_aarch64.manylinux2014_aarch64.whl", hash = "sha256:bbb07f88e277162b8bfca7134b34f18b400d84eac7375ce73117f865e3c80d4c"},
    {file = "pycryptodomex-3.21.0-cp27-cp27m-musllinux_1_1_aarch64.whl", hash = "sha256:e859e53d983b7fe18cb8f1b0e29d991a5c93be2c8dd25db7db1fe3bd3617f6f9"},
    {file = "pycryptodomex-3.21.0-cp27-cp27m-win32.whl", hash = "sha256:ef046b2e6c425647971b51424f0f88d8a2e0a2a63d3531817968c42078895c00"},
    {file = "pycryptodomex-3.21.0-cp27-cp27m-win_amd64.whl", hash = "sha256:da76ebf6650323eae7236b54b1b1f0e57c16483be6e3c1ebf901d4ada47563b6"},
    {file = "pycryptodomex-3.21.0-cp27-cp27mu-manylinux2010_i686.whl", hash = "sha256:c07e64867a54f7e93186a55bec08a18b7302e7bee1b02fd84c6089ec215e723a"},
    {file = "pycryptodomex-3.21.0-cp27-cp27mu-manylinux2010_x86_64.whl", hash = "sha256:56435c7124dd0ce0c8bdd99c52e5d183a0ca7fdcd06c5d5509423843f487dd0b"},
    {file = "pycryptodomex-3.21.0-cp27-cp27mu-manylinux_2_17_aarch64.manylinux2014_aarch64.whl", hash = "sha256:65d275e3f866cf6fe891411be9c1454fb58809ccc5de6d3770654c47197acd65"},
    {file = "pycryptodomex-3.21.0-cp27-cp27mu-musllinux_1_1_aarch64.whl", hash = "sha256:5241bdb53bcf32a9568770a6584774b1b8109342bd033398e4ff2da052123832"},
    {file = "pycryptodomex-3.21.0-cp36-abi3-macosx_10_9_universal2.whl", hash = "sha256:34325b84c8b380675fd2320d0649cdcbc9cf1e0d1526edbe8fce43ed858cdc7e"},
    {file = "pycryptodomex-3.21.0-cp36-abi3-macosx_10_9_x86_64.whl", hash = "sha256:103c133d6cd832ae7266feb0a65b69e3a5e4dbbd6f3a3ae3211a557fd653f516"},
    {file = "pycryptodomex-3.21.0-cp36-abi3-manylinux_2_17_aarch64.manylinux2014_aarch64.whl", hash = "sha256:77ac2ea80bcb4b4e1c6a596734c775a1615d23e31794967416afc14852a639d3"},
    {file = "pycryptodomex-3.21.0-cp36-abi3-manylinux_2_17_x86_64.manylinux2014_x86_64.whl", hash = "sha256:9aa0cf13a1a1128b3e964dc667e5fe5c6235f7d7cfb0277213f0e2a783837cc2"},
    {file = "pycryptodomex-3.21.0-cp36-abi3-manylinux_2_5_i686.manylinux1_i686.manylinux_2_17_i686.manylinux2014_i686.whl", hash = "sha256:46eb1f0c8d309da63a2064c28de54e5e614ad17b7e2f88df0faef58ce192fc7b"},
    {file = "pycryptodomex-3.21.0-cp36-abi3-musllinux_1_1_aarch64.whl", hash = "sha256:cc7e111e66c274b0df5f4efa679eb31e23c7545d702333dfd2df10ab02c2a2ce"},
    {file = "pycryptodomex-3.21.0-cp36-abi3-musllinux_1_2_i686.whl", hash = "sha256:770d630a5c46605ec83393feaa73a9635a60e55b112e1fb0c3cea84c2897aa0a"},
    {file = "pycryptodomex-3.21.0-cp36-abi3-musllinux_1_2_x86_64.whl", hash = "sha256:52e23a0a6e61691134aa8c8beba89de420602541afaae70f66e16060fdcd677e"},
    {file = "pycryptodomex-3.21.0-cp36-abi3-win32.whl", hash = "sha256:a3d77919e6ff56d89aada1bd009b727b874d464cb0e2e3f00a49f7d2e709d76e"},
    {file = "pycryptodomex-3.21.0-cp36-abi3-win_amd64.whl", hash = "sha256:b0e9765f93fe4890f39875e6c90c96cb341767833cfa767f41b490b506fa9ec0"},
    {file = "pycryptodomex-3.21.0-pp27-pypy_73-manylinux2010_x86_64.whl", hash = "sha256:feaecdce4e5c0045e7a287de0c4351284391fe170729aa9182f6bd967631b3a8"},
    {file = "pycryptodomex-3.21.0-pp27-pypy_73-win32.whl", hash = "sha256:365aa5a66d52fd1f9e0530ea97f392c48c409c2f01ff8b9a39c73ed6f527d36c"},
    {file = "pycryptodomex-3.21.0-pp310-pypy310_pp73-macosx_10_15_x86_64.whl", hash = "sha256:3efddfc50ac0ca143364042324046800c126a1d63816d532f2e19e6f2d8c0c31"},
    {file = "pycryptodomex-3.21.0-pp310-pypy310_pp73-manylinux_2_17_x86_64.manylinux2014_x86_64.whl", hash = "sha256:0df2608682db8279a9ebbaf05a72f62a321433522ed0e499bc486a6889b96bf3"},
    {file = "pycryptodomex-3.21.0-pp310-pypy310_pp73-manylinux_2_5_i686.manylinux1_i686.manylinux_2_17_i686.manylinux2014_i686.whl", hash = "sha256:5823d03e904ea3e53aebd6799d6b8ec63b7675b5d2f4a4bd5e3adcb512d03b37"},
    {file = "pycryptodomex-3.21.0-pp310-pypy310_pp73-win_amd64.whl", hash = "sha256:27e84eeff24250ffec32722334749ac2a57a5fd60332cd6a0680090e7c42877e"},
    {file = "pycryptodomex-3.21.0-pp39-pypy39_pp73-macosx_10_15_x86_64.whl", hash = "sha256:8ef436cdeea794015263853311f84c1ff0341b98fc7908e8a70595a68cefd971"},
    {file = "pycryptodomex-3.21.0-pp39-pypy39_pp73-manylinux_2_17_x86_64.manylinux2014_x86_64.whl", hash = "sha256:7a1058e6dfe827f4209c5cae466e67610bcd0d66f2f037465daa2a29d92d952b"},
    {file = "pycryptodomex-3.21.0-pp39-pypy39_pp73-manylinux_2_5_i686.manylinux1_i686.manylinux_2_17_i686.manylinux2014_i686.whl", hash = "sha256:9ba09a5b407cbb3bcb325221e346a140605714b5e880741dc9a1e9ecf1688d42"},
    {file = "pycryptodomex-3.21.0-pp39-pypy39_pp73-win_amd64.whl", hash = "sha256:8a9d8342cf22b74a746e3c6c9453cb0cfbb55943410e3a2619bd9164b48dc9d9"},
    {file = "pycryptodomex-3.21.0.tar.gz", hash = "sha256:222d0bd05381dd25c32dd6065c071ebf084212ab79bab4599ba9e6a3e0009e6c"},
]

[[package]]
name = "python-libnmap"
version = "0.7.3"
description = "Python NMAP library enabling you to start async nmap tasks, parse and compare/diff scan results"
optional = false
python-versions = "*"
files = [
    {file = "python-libnmap-0.7.3.tar.gz", hash = "sha256:d03629256c2ee9ab37390c28d4c4c2ae9637cd0861dd8ab9e0f32779545936c0"},
]

[package.extras]
defusedxml = ["defusedxml (>=0.6.0)"]

[[package]]
name = "scapy"
version = "2.6.0"
description = "Scapy: interactive packet manipulation tool"
optional = false
python-versions = "<4,>=3.7"
files = [
    {file = "scapy-2.6.0-py3-none-any.whl", hash = "sha256:6cf241e9b93f3b93bbb48fc259edb1d1f14ba1d88d72c80fb66b3b02eb5493dc"},
    {file = "scapy-2.6.0.tar.gz", hash = "sha256:c8f7eb54511c2fab502128ccf18e2e4b98e1f6af6e02ae15b84ad3039143ba3b"},
]

[package.extras]
all = ["cryptography (>=2.0)", "ipython", "matplotlib", "pyx"]
cli = ["ipython"]
doc = ["sphinx (>=7.0.0)", "sphinx-rtd-theme (>=1.3.0)", "tox (>=3.0.0)"]

[[package]]
name = "termcolor"
version = "2.5.0"
description = "ANSI color formatting for output in terminal"
optional = false
python-versions = ">=3.9"
files = [
    {file = "termcolor-2.5.0-py3-none-any.whl", hash = "sha256:37b17b5fc1e604945c2642c872a3764b5d547a48009871aea3edd3afa180afb8"},
    {file = "termcolor-2.5.0.tar.gz", hash = "sha256:998d8d27da6d48442e8e1f016119076b690d962507531df4890fcd2db2ef8a6f"},
]

[package.extras]
tests = ["pytest", "pytest-cov"]

[metadata]
lock-version = "2.0"
python-versions = "^3.12"
content-hash = "d45b6573a1466071b7b53469a36b5a9e569d382a27066f52e71cb4ca09ab1ed5"
